
Microsoft Visual Studio Solution File, Format Version 12.00
# Visual Studio 14
VisualStudioVersion = 14.0.25123.0
MinimumVisualStudioVersion = 10.0.40219.1
Project("{FAE04EC0-301F-11D3-BF4B-00C04F79EFBC}") = "ZReader", "ZReader\ZReader.csproj", "{F97BDD29-CA4F-48D0-93C0-F4ECE47AE8C9}"
EndProject
Project("{2150E333-8FDC-42A3-9474-1A3956D46DE8}") = "src", "src", "{B3791EF1-2B53-442E-AB7B-9EDDCC8B50F5}"
EndProject
Project("{2150E333-8FDC-42A3-9474-1A3956D46DE8}") = "docs", "docs", "{CCBC6807-459B-4884-A031-CB22E61B9F85}"
	ProjectSection(SolutionItems) = preProject
		Helper.txt = Helper.txt
	EndProjectSection
EndProject
Global
	GlobalSection(SolutionConfigurationPlatforms) = preSolution
		Debug|Any CPU = Debug|Any CPU
		Release|Any CPU = Release|Any CPU
	EndGlobalSection
	GlobalSection(ProjectConfigurationPlatforms) = postSolution
		{F97BDD29-CA4F-48D0-93C0-F4ECE47AE8C9}.Debug|Any CPU.ActiveCfg = Debug|Any CPU
		{F97BDD29-CA4F-48D0-93C0-F4ECE47AE8C9}.Debug|Any CPU.Build.0 = Debug|Any CPU
		{F97BDD29-CA4F-48D0-93C0-F4ECE47AE8C9}.Release|Any CPU.ActiveCfg = Release|Any CPU
		{F97BDD29-CA4F-48D0-93C0-F4ECE47AE8C9}.Release|Any CPU.Build.0 = Release|Any CPU
	EndGlobalSection
	GlobalSection(SolutionProperties) = preSolution
		HideSolutionNode = FALSE
	EndGlobalSection
	GlobalSection(NestedProjects) = preSolution
		{F97BDD29-CA4F-48D0-93C0-F4ECE47AE8C9} = {B3791EF1-2B53-442E-AB7B-9EDDCC8B50F5}
	EndGlobalSection
EndGlobal
